
Microsoft Visual Studio Solution File, Format Version 12.00
# Visual Studio Version 17
VisualStudioVersion = 17.12.35707.178 d17.12
MinimumVisualStudioVersion = 10.0.40219.1
Project("{FAE04EC0-301F-11D3-BF4B-00C04F79EFBC}") = "EvtGridCmds", "EvtGridCmds.csproj", "{C70B6F07-59E8-4B97-8FC5-D35E466032AC}"
EndProject
Global
	GlobalSection(SolutionConfigurationPlatforms) = preSolution
		Debug|Any CPU = Debug|Any CPU
		Release|Any CPU = Release|Any CPU
	EndGlobalSection
	GlobalSection(ProjectConfigurationPlatforms) = postSolution
		{C70B6F07-59E8-4B97-8FC5-D35E466032AC}.Debug|Any CPU.ActiveCfg = Debug|Any CPU
		{C70B6F07-59E8-4B97-8FC5-D35E466032AC}.Debug|Any CPU.Build.0 = Debug|Any CPU
		{C70B6F07-59E8-4B97-8FC5-D35E466032AC}.Release|Any CPU.ActiveCfg = Release|Any CPU
		{C70B6F07-59E8-4B97-8FC5-D35E466032AC}.Release|Any CPU.Build.0 = Release|Any CPU
	EndGlobalSection
	GlobalSection(SolutionProperties) = preSolution
		HideSolutionNode = FALSE
	EndGlobalSection
EndGlobal
